// !$*UTF8*$!
{
	archiveVersion = 1;
	classes = {
	};
	objectVersion = 50;
	objects = {

/* Begin PBXBuildFile section */
		2804D69023AD12200082473A /* menu.mp3 in Resources */ = {isa = PBXBuildFile; fileRef = 2804D68E23AD12200082473A /* menu.mp3 */; };
		2804D69123AD12200082473A /* game.mp3 in Resources */ = {isa = PBXBuildFile; fileRef = 2804D68F23AD12200082473A /* game.mp3 */; };
		2804D69323AD12BB0082473A /* SoundController.swift in Sources */ = {isa = PBXBuildFile; fileRef = 2804D69223AD12BB0082473A /* SoundController.swift */; };
		2804D69523AD1AD30082473A /* gameover.mp3 in Resources */ = {isa = PBXBuildFile; fileRef = 2804D69423AD1AD30082473A /* gameover.mp3 */; };
		2804D69723AD1ADA0082473A /* menu2.mp3 in Resources */ = {isa = PBXBuildFile; fileRef = 2804D69623AD1ADA0082473A /* menu2.mp3 */; };
		2804D69923AD1B4D0082473A /* game2.mp3 in Resources */ = {isa = PBXBuildFile; fileRef = 2804D69823AD1B4D0082473A /* game2.mp3 */; };
		280FE028243A1CDC00EADF38 /* GameProperties.swift in Sources */ = {isa = PBXBuildFile; fileRef = 280FE027243A1CDC00EADF38 /* GameProperties.swift */; };
		280FE02A243A238F00EADF38 /* GameModeSelector.swift in Sources */ = {isa = PBXBuildFile; fileRef = 280FE029243A238F00EADF38 /* GameModeSelector.swift */; };
		282B38A12430EFA900EEFCB2 /* GameKit.framework in Frameworks */ = {isa = PBXBuildFile; fileRef = 285FBFC6242F438800B46CD6 /* GameKit.framework */; };
		282BB441229C511300C1BE5F /* boom.sks in Resources */ = {isa = PBXBuildFile; fileRef = 282BB440229C511300C1BE5F /* boom.sks */; };
		282BB443229C546000C1BE5F /* boom_fire.sks in Resources */ = {isa = PBXBuildFile; fileRef = 282BB442229C546000C1BE5F /* boom_fire.sks */; };
		282BB449229D51FD00C1BE5F /* smoky.sks in Resources */ = {isa = PBXBuildFile; fileRef = 282BB448229D51FD00C1BE5F /* smoky.sks */; };
		282BB44B229D539500C1BE5F /* fire_meteor.sks in Resources */ = {isa = PBXBuildFile; fileRef = 282BB44A229D539500C1BE5F /* fire_meteor.sks */; };
		283A5C6D243E0E9F00600727 /* Button.swift in Sources */ = {isa = PBXBuildFile; fileRef = 283A5C6C243E0E9F00600727 /* Button.swift */; };
		283A5C6F24404FB900600727 /* StoreKit.framework in Frameworks */ = {isa = PBXBuildFile; fileRef = 283A5C6E24404FB900600727 /* StoreKit.framework */; };
		283A5C72244083DA00600727 /* AuthenticationServices.framework in Frameworks */ = {isa = PBXBuildFile; fileRef = 283A5C71244083DA00600727 /* AuthenticationServices.framework */; };
		283A5C742440AA4100600727 /* Payments.swift in Sources */ = {isa = PBXBuildFile; fileRef = 283A5C732440AA4100600727 /* Payments.swift */; };
		2842C6BA22946B3B005C0252 /* Smoke.sks in Resources */ = {isa = PBXBuildFile; fileRef = 2842C6B822946B3B005C0252 /* Smoke.sks */; };
		2842C6BD22947FB8005C0252 /* bokeh.sks in Resources */ = {isa = PBXBuildFile; fileRef = 2842C6BC22947FB8005C0252 /* bokeh.sks */; };
		2842C6BF22948005005C0252 /* rain.sks in Resources */ = {isa = PBXBuildFile; fileRef = 2842C6BE22948005005C0252 /* rain.sks */; };
		28516D59242CCB8E00852FB1 /* HighScores.swift in Sources */ = {isa = PBXBuildFile; fileRef = 28516D58242CCB8E00852FB1 /* HighScores.swift */; };
		285FBFC4242E427900B46CD6 /* GameCenter.swift in Sources */ = {isa = PBXBuildFile; fileRef = 285FBFC3242E427900B46CD6 /* GameCenter.swift */; };
		287AFC592295A60B00DF1613 /* fire.sks in Resources */ = {isa = PBXBuildFile; fileRef = 287AFC582295A60B00DF1613 /* fire.sks */; };
		287AFC5C2295BBF900DF1613 /* BalooBhai-Regular.ttf in Resources */ = {isa = PBXBuildFile; fileRef = 287AFC5B2295BB9900DF1613 /* BalooBhai-Regular.ttf */; };
		287AFC5F2295C22D00DF1613 /* GameMenu.swift in Sources */ = {isa = PBXBuildFile; fileRef = 287AFC5E2295C22D00DF1613 /* GameMenu.swift */; };
		287AFC612295CE8300DF1613 /* GameOverScreen.swift in Sources */ = {isa = PBXBuildFile; fileRef = 287AFC602295CE8300DF1613 /* GameOverScreen.swift */; };
		287AFC6D2297220F00DF1613 /* Assets.xcassets in Resources */ = {isa = PBXBuildFile; fileRef = 287AFC6B2297220F00DF1613 /* Assets.xcassets */; };
		287AFC732297227500DF1613 /* rainy.sks in Resources */ = {isa = PBXBuildFile; fileRef = 287AFC722297227500DF1613 /* rainy.sks */; };
		287D335A22916AE9009851EA /* BackgroundSprite.swift in Sources */ = {isa = PBXBuildFile; fileRef = 287D335922916AE9009851EA /* BackgroundSprite.swift */; };
		287D335C22916C1B009851EA /* Constants.swift in Sources */ = {isa = PBXBuildFile; fileRef = 287D335B22916C1B009851EA /* Constants.swift */; };
		287D335E229180C9009851EA /* HudNode.swift in Sources */ = {isa = PBXBuildFile; fileRef = 287D335D229180C9009851EA /* HudNode.swift */; };
		28D6740921EE6A720059FC0D /* AppDelegate.swift in Sources */ = {isa = PBXBuildFile; fileRef = 28D6740821EE6A720059FC0D /* AppDelegate.swift */; };
		28D6740B21EE6A720059FC0D /* GameScene.sks in Resources */ = {isa = PBXBuildFile; fileRef = 28D6740A21EE6A720059FC0D /* GameScene.sks */; };
		28D6740D21EE6A720059FC0D /* Actions.sks in Resources */ = {isa = PBXBuildFile; fileRef = 28D6740C21EE6A720059FC0D /* Actions.sks */; };
		28D6740F21EE6A720059FC0D /* GameScene.swift in Sources */ = {isa = PBXBuildFile; fileRef = 28D6740E21EE6A720059FC0D /* GameScene.swift */; };
		28D6741121EE6A720059FC0D /* GameViewController.swift in Sources */ = {isa = PBXBuildFile; fileRef = 28D6741021EE6A720059FC0D /* GameViewController.swift */; };
		28D6741421EE6A720059FC0D /* Main.storyboard in Resources */ = {isa = PBXBuildFile; fileRef = 28D6741221EE6A720059FC0D /* Main.storyboard */; };
		28D6741621EE6A760059FC0D /* Assets.xcassets in Resources */ = {isa = PBXBuildFile; fileRef = 28D6741521EE6A760059FC0D /* Assets.xcassets */; };
		28D6741921EE6A760059FC0D /* LaunchScreen.storyboard in Resources */ = {isa = PBXBuildFile; fileRef = 28D6741721EE6A760059FC0D /* LaunchScreen.storyboard */; };
		28D6742421EE6A770059FC0D /* Jetpack_JoeTests.swift in Sources */ = {isa = PBXBuildFile; fileRef = 28D6742321EE6A770059FC0D /* Jetpack_JoeTests.swift */; };
		28D6742F21EE6A770059FC0D /* Jetpack_JoeUITests.swift in Sources */ = {isa = PBXBuildFile; fileRef = 28D6742E21EE6A770059FC0D /* Jetpack_JoeUITests.swift */; };
		28D6743E21EE6DCD0059FC0D /* GameCharacterSprite.swift in Sources */ = {isa = PBXBuildFile; fileRef = 28D6743D21EE6DCC0059FC0D /* GameCharacterSprite.swift */; };
/* End PBXBuildFile section */

/* Begin PBXContainerItemProxy section */
		28D6742021EE6A770059FC0D /* PBXContainerItemProxy */ = {
			isa = PBXContainerItemProxy;
			containerPortal = 28D673FD21EE6A720059FC0D /* Project object */;
			proxyType = 1;
			remoteGlobalIDString = 28D6740421EE6A720059FC0D;
			remoteInfo = "Jetpack Joe";
		};
		28D6742B21EE6A770059FC0D /* PBXContainerItemProxy */ = {
			isa = PBXContainerItemProxy;
			containerPortal = 28D673FD21EE6A720059FC0D /* Project object */;
			proxyType = 1;
			remoteGlobalIDString = 28D6740421EE6A720059FC0D;
			remoteInfo = "Jetpack Joe";
		};
/* End PBXContainerItemProxy section */

/* Begin PBXFileReference section */
		2804D68E23AD12200082473A /* menu.mp3 */ = {isa = PBXFileReference; lastKnownFileType = audio.mp3; name = menu.mp3; path = ../../../../../Downloads/menu.mp3; sourceTree = "<group>"; };
		2804D68F23AD12200082473A /* game.mp3 */ = {isa = PBXFileReference; lastKnownFileType = audio.mp3; name = game.mp3; path = ../../../../../Downloads/game.mp3; sourceTree = "<group>"; };
		2804D69223AD12BB0082473A /* SoundController.swift */ = {isa = PBXFileReference; lastKnownFileType = sourcecode.swift; path = SoundController.swift; sourceTree = "<group>"; };
		2804D69423AD1AD30082473A /* gameover.mp3 */ = {isa = PBXFileReference; lastKnownFileType = audio.mp3; name = gameover.mp3; path = ../../../../../Downloads/gameover.mp3; sourceTree = "<group>"; };
		2804D69623AD1ADA0082473A /* menu2.mp3 */ = {isa = PBXFileReference; lastKnownFileType = audio.mp3; name = menu2.mp3; path = ../../../../../Downloads/menu2.mp3; sourceTree = "<group>"; };
		2804D69823AD1B4D0082473A /* game2.mp3 */ = {isa = PBXFileReference; lastKnownFileType = audio.mp3; name = game2.mp3; path = ../../../../../Downloads/game2.mp3; sourceTree = "<group>"; };
		280FE027243A1CDC00EADF38 /* GameProperties.swift */ = {isa = PBXFileReference; lastKnownFileType = sourcecode.swift; path = GameProperties.swift; sourceTree = "<group>"; };
		280FE029243A238F00EADF38 /* GameModeSelector.swift */ = {isa = PBXFileReference; lastKnownFileType = sourcecode.swift; path = GameModeSelector.swift; sourceTree = "<group>"; };
		282BB440229C511300C1BE5F /* boom.sks */ = {isa = PBXFileReference; lastKnownFileType = file.sks; path = boom.sks; sourceTree = "<group>"; };
		282BB442229C546000C1BE5F /* boom_fire.sks */ = {isa = PBXFileReference; lastKnownFileType = file.sks; path = boom_fire.sks; sourceTree = "<group>"; };
		282BB448229D51FD00C1BE5F /* smoky.sks */ = {isa = PBXFileReference; lastKnownFileType = file.sks; path = smoky.sks; sourceTree = "<group>"; };
		282BB44A229D539500C1BE5F /* fire_meteor.sks */ = {isa = PBXFileReference; lastKnownFileType = file.sks; path = fire_meteor.sks; sourceTree = "<group>"; };
		283A5C6C243E0E9F00600727 /* Button.swift */ = {isa = PBXFileReference; lastKnownFileType = sourcecode.swift; path = Button.swift; sourceTree = "<group>"; };
		283A5C6E24404FB900600727 /* StoreKit.framework */ = {isa = PBXFileReference; lastKnownFileType = wrapper.framework; name = StoreKit.framework; path = System/Library/Frameworks/StoreKit.framework; sourceTree = SDKROOT; };
		283A5C70244083D800600727 /* Jetpack Joe.entitlements */ = {isa = PBXFileReference; lastKnownFileType = text.plist.entitlements; path = "Jetpack Joe.entitlements"; sourceTree = "<group>"; };
		283A5C71244083DA00600727 /* AuthenticationServices.framework */ = {isa = PBXFileReference; lastKnownFileType = wrapper.framework; name = AuthenticationServices.framework; path = System/Library/Frameworks/AuthenticationServices.framework; sourceTree = SDKROOT; };
		283A5C732440AA4100600727 /* Payments.swift */ = {isa = PBXFileReference; lastKnownFileType = sourcecode.swift; path = Payments.swift; sourceTree = "<group>"; };
		2842C6B822946B3B005C0252 /* Smoke.sks */ = {isa = PBXFileReference; lastKnownFileType = file.sks; path = Smoke.sks; sourceTree = "<group>"; };
		2842C6BC22947FB8005C0252 /* bokeh.sks */ = {isa = PBXFileReference; lastKnownFileType = file.sks; path = bokeh.sks; sourceTree = "<group>"; };
		2842C6BE22948005005C0252 /* rain.sks */ = {isa = PBXFileReference; lastKnownFileType = file.sks; path = rain.sks; sourceTree = "<group>"; };
		28516D58242CCB8E00852FB1 /* HighScores.swift */ = {isa = PBXFileReference; lastKnownFileType = sourcecode.swift; path = HighScores.swift; sourceTree = "<group>"; };
		285FBFC3242E427900B46CD6 /* GameCenter.swift */ = {isa = PBXFileReference; lastKnownFileType = sourcecode.swift; path = GameCenter.swift; sourceTree = "<group>"; };
		285FBFC6242F438800B46CD6 /* GameKit.framework */ = {isa = PBXFileReference; lastKnownFileType = wrapper.framework; name = GameKit.framework; path = System/Library/Frameworks/GameKit.framework; sourceTree = SDKROOT; };
		285FBFC8242F44CE00B46CD6 /* Jetpack JoeRelease.entitlements */ = {isa = PBXFileReference; lastKnownFileType = text.plist.entitlements; path = "Jetpack JoeRelease.entitlements"; sourceTree = "<group>"; };
		287AFC582295A60B00DF1613 /* fire.sks */ = {isa = PBXFileReference; lastKnownFileType = file.sks; path = fire.sks; sourceTree = "<group>"; };
		287AFC5B2295BB9900DF1613 /* BalooBhai-Regular.ttf */ = {isa = PBXFileReference; lastKnownFileType = file; name = "BalooBhai-Regular.ttf"; path = "../../../../../Downloads/Baloo_Bhai/BalooBhai-Regular.ttf"; sourceTree = "<group>"; };
		287AFC5E2295C22D00DF1613 /* GameMenu.swift */ = {isa = PBXFileReference; lastKnownFileType = sourcecode.swift; path = GameMenu.swift; sourceTree = "<group>"; };
		287AFC602295CE8300DF1613 /* GameOverScreen.swift */ = {isa = PBXFileReference; lastKnownFileType = sourcecode.swift; path = GameOverScreen.swift; sourceTree = "<group>"; };
		287AFC6B2297220F00DF1613 /* Assets.xcassets */ = {isa = PBXFileReference; lastKnownFileType = folder.assetcatalog; path = Assets.xcassets; sourceTree = "<group>"; };
		287AFC722297227500DF1613 /* rainy.sks */ = {isa = PBXFileReference; lastKnownFileType = file.sks; path = rainy.sks; sourceTree = "<group>"; };
		287D335922916AE9009851EA /* BackgroundSprite.swift */ = {isa = PBXFileReference; lastKnownFileType = sourcecode.swift; path = BackgroundSprite.swift; sourceTree = "<group>"; };
		287D335B22916C1B009851EA /* Constants.swift */ = {isa = PBXFileReference; lastKnownFileType = sourcecode.swift; path = Constants.swift; sourceTree = "<group>"; };
		287D335D229180C9009851EA /* HudNode.swift */ = {isa = PBXFileReference; lastKnownFileType = sourcecode.swift; path = HudNode.swift; sourceTree = "<group>"; };
		28D6740521EE6A720059FC0D /* Jetpack Joe.app */ = {isa = PBXFileReference; explicitFileType = wrapper.application; includeInIndex = 0; path = "Jetpack Joe.app"; sourceTree = BUILT_PRODUCTS_DIR; };
		28D6740821EE6A720059FC0D /* AppDelegate.swift */ = {isa = PBXFileReference; lastKnownFileType = sourcecode.swift; path = AppDelegate.swift; sourceTree = "<group>"; };
		28D6740A21EE6A720059FC0D /* GameScene.sks */ = {isa = PBXFileReference; lastKnownFileType = file.sks; path = GameScene.sks; sourceTree = "<group>"; };
		28D6740C21EE6A720059FC0D /* Actions.sks */ = {isa = PBXFileReference; lastKnownFileType = file.sks; path = Actions.sks; sourceTree = "<group>"; };
		28D6740E21EE6A720059FC0D /* GameScene.swift */ = {isa = PBXFileReference; lastKnownFileType = sourcecode.swift; path = GameScene.swift; sourceTree = "<group>"; };
		28D6741021EE6A720059FC0D /* GameViewController.swift */ = {isa = PBXFileReference; lastKnownFileType = sourcecode.swift; path = GameViewController.swift; sourceTree = "<group>"; };
		28D6741321EE6A720059FC0D /* Base */ = {isa = PBXFileReference; lastKnownFileType = file.storyboard; name = Base; path = Base.lproj/Main.storyboard; sourceTree = "<group>"; };
		28D6741521EE6A760059FC0D /* Assets.xcassets */ = {isa = PBXFileReference; lastKnownFileType = folder.assetcatalog; path = Assets.xcassets; sourceTree = "<group>"; };
		28D6741821EE6A760059FC0D /* Base */ = {isa = PBXFileReference; lastKnownFileType = file.storyboard; name = Base; path = Base.lproj/LaunchScreen.storyboard; sourceTree = "<group>"; };
		28D6741A21EE6A760059FC0D /* Info.plist */ = {isa = PBXFileReference; lastKnownFileType = text.plist.xml; path = Info.plist; sourceTree = "<group>"; };
		28D6741F21EE6A770059FC0D /* Jetpack JoeTests.xctest */ = {isa = PBXFileReference; explicitFileType = wrapper.cfbundle; includeInIndex = 0; path = "Jetpack JoeTests.xctest"; sourceTree = BUILT_PRODUCTS_DIR; };
		28D6742321EE6A770059FC0D /* Jetpack_JoeTests.swift */ = {isa = PBXFileReference; lastKnownFileType = sourcecode.swift; path = Jetpack_JoeTests.swift; sourceTree = "<group>"; };
		28D6742521EE6A770059FC0D /* Info.plist */ = {isa = PBXFileReference; lastKnownFileType = text.plist.xml; path = Info.plist; sourceTree = "<group>"; };
		28D6742A21EE6A770059FC0D /* Jetpack JoeUITests.xctest */ = {isa = PBXFileReference; explicitFileType = wrapper.cfbundle; includeInIndex = 0; path = "Jetpack JoeUITests.xctest"; sourceTree = BUILT_PRODUCTS_DIR; };
		28D6742E21EE6A770059FC0D /* Jetpack_JoeUITests.swift */ = {isa = PBXFileReference; lastKnownFileType = sourcecode.swift; path = Jetpack_JoeUITests.swift; sourceTree = "<group>"; };
		28D6743021EE6A770059FC0D /* Info.plist */ = {isa = PBXFileReference; lastKnownFileType = text.plist.xml; path = Info.plist; sourceTree = "<group>"; };
		28D6743D21EE6DCC0059FC0D /* GameCharacterSprite.swift */ = {isa = PBXFileReference; lastKnownFileType = sourcecode.swift; path = GameCharacterSprite.swift; sourceTree = "<group>"; };
/* End PBXFileReference section */

/* Begin PBXFrameworksBuildPhase section */
		28D6740221EE6A720059FC0D /* Frameworks */ = {
			isa = PBXFrameworksBuildPhase;
			buildActionMask = 2147483647;
			files = (
				283A5C72244083DA00600727 /* AuthenticationServices.framework in Frameworks */,
				282B38A12430EFA900EEFCB2 /* GameKit.framework in Frameworks */,
				283A5C6F24404FB900600727 /* StoreKit.framework in Frameworks */,
			);
			runOnlyForDeploymentPostprocessing = 0;
		};
		28D6741C21EE6A770059FC0D /* Frameworks */ = {
			isa = PBXFrameworksBuildPhase;
			buildActionMask = 2147483647;
			files = (
			);
			runOnlyForDeploymentPostprocessing = 0;
		};
		28D6742721EE6A770059FC0D /* Frameworks */ = {
			isa = PBXFrameworksBuildPhase;
			buildActionMask = 2147483647;
			files = (
			);
			runOnlyForDeploymentPostprocessing = 0;
		};
/* End PBXFrameworksBuildPhase section */

/* Begin PBXGroup section */
		2804D68D23AD11FF0082473A /* Sounds */ = {
			isa = PBXGroup;
			children = (
				2804D69423AD1AD30082473A /* gameover.mp3 */,
				2804D68F23AD12200082473A /* game.mp3 */,
				2804D69623AD1ADA0082473A /* menu2.mp3 */,
				2804D69823AD1B4D0082473A /* game2.mp3 */,
				2804D68E23AD12200082473A /* menu.mp3 */,
			);
			path = Sounds;
			sourceTree = "<group>";
		};
		283A5C6B243E0E9000600727 /* Components */ = {
			isa = PBXGroup;
			children = (
				283A5C6C243E0E9F00600727 /* Button.swift */,
			);
			path = Components;
			sourceTree = "<group>";
		};
		285FBFC5242F438800B46CD6 /* Frameworks */ = {
			isa = PBXGroup;
			children = (
				283A5C71244083DA00600727 /* AuthenticationServices.framework */,
				283A5C6E24404FB900600727 /* StoreKit.framework */,
				285FBFC6242F438800B46CD6 /* GameKit.framework */,
			);
			name = Frameworks;
			sourceTree = "<group>";
		};
		287AFC5A2295BB7F00DF1613 /* Fonts */ = {
			isa = PBXGroup;
			children = (
				287AFC5B2295BB9900DF1613 /* BalooBhai-Regular.ttf */,
			);
			path = Fonts;
			sourceTree = "<group>";
		};
		287AFC5D2295C20C00DF1613 /* Scenes */ = {
			isa = PBXGroup;
			children = (
				28D6740E21EE6A720059FC0D /* GameScene.swift */,
				287AFC5E2295C22D00DF1613 /* GameMenu.swift */,
				287AFC602295CE8300DF1613 /* GameOverScreen.swift */,
				28516D58242CCB8E00852FB1 /* HighScores.swift */,
				280FE029243A238F00EADF38 /* GameModeSelector.swift */,
			);
			path = Scenes;
			sourceTree = "<group>";
		};
		28D673FC21EE6A720059FC0D = {
			isa = PBXGroup;
			children = (
				28D6740721EE6A720059FC0D /* Jetpack Joe */,
				28D6742221EE6A770059FC0D /* Jetpack JoeTests */,
				28D6742D21EE6A770059FC0D /* Jetpack JoeUITests */,
				28D6740621EE6A720059FC0D /* Products */,
				285FBFC5242F438800B46CD6 /* Frameworks */,
			);
			sourceTree = "<group>";
		};
		28D6740621EE6A720059FC0D /* Products */ = {
			isa = PBXGroup;
			children = (
				28D6740521EE6A720059FC0D /* Jetpack Joe.app */,
				28D6741F21EE6A770059FC0D /* Jetpack JoeTests.xctest */,
				28D6742A21EE6A770059FC0D /* Jetpack JoeUITests.xctest */,
			);
			name = Products;
			sourceTree = "<group>";
		};
		28D6740721EE6A720059FC0D /* Jetpack Joe */ = {
			isa = PBXGroup;
			children = (
				283A5C70244083D800600727 /* Jetpack Joe.entitlements */,
				283A5C6B243E0E9000600727 /* Components */,
				285FBFC8242F44CE00B46CD6 /* Jetpack JoeRelease.entitlements */,
				2804D68D23AD11FF0082473A /* Sounds */,
				287AFC5D2295C20C00DF1613 /* Scenes */,
				287AFC5A2295BB7F00DF1613 /* Fonts */,
				28D6743C21EE6DB20059FC0D /* Sprites */,
				28D6740821EE6A720059FC0D /* AppDelegate.swift */,
				28D6740A21EE6A720059FC0D /* GameScene.sks */,
				28D6740C21EE6A720059FC0D /* Actions.sks */,
				28D6741021EE6A720059FC0D /* GameViewController.swift */,
				28D6741221EE6A720059FC0D /* Main.storyboard */,
				28D6741521EE6A760059FC0D /* Assets.xcassets */,
				28D6741721EE6A760059FC0D /* LaunchScreen.storyboard */,
				28D6741A21EE6A760059FC0D /* Info.plist */,
				287D335B22916C1B009851EA /* Constants.swift */,
				2804D69223AD12BB0082473A /* SoundController.swift */,
				285FBFC3242E427900B46CD6 /* GameCenter.swift */,
				280FE027243A1CDC00EADF38 /* GameProperties.swift */,
				283A5C732440AA4100600727 /* Payments.swift */,
			);
			path = "Jetpack Joe";
			sourceTree = "<group>";
		};
		28D6742221EE6A770059FC0D /* Jetpack JoeTests */ = {
			isa = PBXGroup;
			children = (
				28D6742321EE6A770059FC0D /* Jetpack_JoeTests.swift */,
				28D6742521EE6A770059FC0D /* Info.plist */,
			);
			path = "Jetpack JoeTests";
			sourceTree = "<group>";
		};
		28D6742D21EE6A770059FC0D /* Jetpack JoeUITests */ = {
			isa = PBXGroup;
			children = (
				28D6742E21EE6A770059FC0D /* Jetpack_JoeUITests.swift */,
				28D6743021EE6A770059FC0D /* Info.plist */,
			);
			path = "Jetpack JoeUITests";
			sourceTree = "<group>";
		};
		28D6743C21EE6DB20059FC0D /* Sprites */ = {
			isa = PBXGroup;
			children = (
				28D6743D21EE6DCC0059FC0D /* GameCharacterSprite.swift */,
				287D335922916AE9009851EA /* BackgroundSprite.swift */,
				2842C6BC22947FB8005C0252 /* bokeh.sks */,
				282BB448229D51FD00C1BE5F /* smoky.sks */,
				2842C6BE22948005005C0252 /* rain.sks */,
				287D335D229180C9009851EA /* HudNode.swift */,
				2842C6B822946B3B005C0252 /* Smoke.sks */,
				287AFC582295A60B00DF1613 /* fire.sks */,
				287AFC6B2297220F00DF1613 /* Assets.xcassets */,
				287AFC722297227500DF1613 /* rainy.sks */,
				282BB440229C511300C1BE5F /* boom.sks */,
				282BB442229C546000C1BE5F /* boom_fire.sks */,
				282BB44A229D539500C1BE5F /* fire_meteor.sks */,
			);
			path = Sprites;
			sourceTree = "<group>";
		};
/* End PBXGroup section */

/* Begin PBXNativeTarget section */
		28D6740421EE6A720059FC0D /* Jetpack Joe */ = {
			isa = PBXNativeTarget;
			buildConfigurationList = 28D6743321EE6A770059FC0D /* Build configuration list for PBXNativeTarget "Jetpack Joe" */;
			buildPhases = (
				28D6740121EE6A720059FC0D /* Sources */,
				28D6740221EE6A720059FC0D /* Frameworks */,
				28D6740321EE6A720059FC0D /* Resources */,
			);
			buildRules = (
			);
			dependencies = (
			);
			name = "Jetpack Joe";
			productName = "Jetpack Joe";
			productReference = 28D6740521EE6A720059FC0D /* Jetpack Joe.app */;
			productType = "com.apple.product-type.application";
		};
		28D6741E21EE6A770059FC0D /* Jetpack JoeTests */ = {
			isa = PBXNativeTarget;
			buildConfigurationList = 28D6743621EE6A770059FC0D /* Build configuration list for PBXNativeTarget "Jetpack JoeTests" */;
			buildPhases = (
				28D6741B21EE6A770059FC0D /* Sources */,
				28D6741C21EE6A770059FC0D /* Frameworks */,
				28D6741D21EE6A770059FC0D /* Resources */,
			);
			buildRules = (
			);
			dependencies = (
				28D6742121EE6A770059FC0D /* PBXTargetDependency */,
			);
			name = "Jetpack JoeTests";
			productName = "Jetpack JoeTests";
			productReference = 28D6741F21EE6A770059FC0D /* Jetpack JoeTests.xctest */;
			productType = "com.apple.product-type.bundle.unit-test";
		};
		28D6742921EE6A770059FC0D /* Jetpack JoeUITests */ = {
			isa = PBXNativeTarget;
			buildConfigurationList = 28D6743921EE6A770059FC0D /* Build configuration list for PBXNativeTarget "Jetpack JoeUITests" */;
			buildPhases = (
				28D6742621EE6A770059FC0D /* Sources */,
				28D6742721EE6A770059FC0D /* Frameworks */,
				28D6742821EE6A770059FC0D /* Resources */,
			);
			buildRules = (
			);
			dependencies = (
				28D6742C21EE6A770059FC0D /* PBXTargetDependency */,
			);
			name = "Jetpack JoeUITests";
			productName = "Jetpack JoeUITests";
			productReference = 28D6742A21EE6A770059FC0D /* Jetpack JoeUITests.xctest */;
			productType = "com.apple.product-type.bundle.ui-testing";
		};
/* End PBXNativeTarget section */

/* Begin PBXProject section */
		28D673FD21EE6A720059FC0D /* Project object */ = {
			isa = PBXProject;
			attributes = {
				LastSwiftUpdateCheck = 1010;
				LastUpgradeCheck = 1010;
				ORGANIZATIONNAME = "Trystian Offerman";
				TargetAttributes = {
					28D6740421EE6A720059FC0D = {
						CreatedOnToolsVersion = 10.1;
						LastSwiftMigration = 1130;
					};
					28D6741E21EE6A770059FC0D = {
						CreatedOnToolsVersion = 10.1;
						LastSwiftMigration = 1020;
						TestTargetID = 28D6740421EE6A720059FC0D;
					};
					28D6742921EE6A770059FC0D = {
						CreatedOnToolsVersion = 10.1;
						LastSwiftMigration = 1020;
						TestTargetID = 28D6740421EE6A720059FC0D;
					};
				};
			};
			buildConfigurationList = 28D6740021EE6A720059FC0D /* Build configuration list for PBXProject "Jetpack Joe" */;
			compatibilityVersion = "Xcode 9.3";
			developmentRegion = en;
			hasScannedForEncodings = 0;
			knownRegions = (
				en,
				Base,
			);
			mainGroup = 28D673FC21EE6A720059FC0D;
			productRefGroup = 28D6740621EE6A720059FC0D /* Products */;
			projectDirPath = "";
			projectRoot = "";
			targets = (
				28D6740421EE6A720059FC0D /* Jetpack Joe */,
				28D6741E21EE6A770059FC0D /* Jetpack JoeTests */,
				28D6742921EE6A770059FC0D /* Jetpack JoeUITests */,
			);
		};
/* End PBXProject section */

/* Begin PBXResourcesBuildPhase section */
		28D6740321EE6A720059FC0D /* Resources */ = {
			isa = PBXResourcesBuildPhase;
			buildActionMask = 2147483647;
			files = (
				28D6741421EE6A720059FC0D /* Main.storyboard in Resources */,
				2804D69023AD12200082473A /* menu.mp3 in Resources */,
				2804D69123AD12200082473A /* game.mp3 in Resources */,
				282BB449229D51FD00C1BE5F /* smoky.sks in Resources */,
				2804D69923AD1B4D0082473A /* game2.mp3 in Resources */,
				2842C6BD22947FB8005C0252 /* bokeh.sks in Resources */,
				287AFC5C2295BBF900DF1613 /* BalooBhai-Regular.ttf in Resources */,
				2842C6BF22948005005C0252 /* rain.sks in Resources */,
				28D6740B21EE6A720059FC0D /* GameScene.sks in Resources */,
				28D6741621EE6A760059FC0D /* Assets.xcassets in Resources */,
				28D6741921EE6A760059FC0D /* LaunchScreen.storyboard in Resources */,
				287AFC732297227500DF1613 /* rainy.sks in Resources */,
				287AFC592295A60B00DF1613 /* fire.sks in Resources */,
				28D6740D21EE6A720059FC0D /* Actions.sks in Resources */,
				2804D69523AD1AD30082473A /* gameover.mp3 in Resources */,
				2804D69723AD1ADA0082473A /* menu2.mp3 in Resources */,
				282BB441229C511300C1BE5F /* boom.sks in Resources */,
				287AFC6D2297220F00DF1613 /* Assets.xcassets in Resources */,
				282BB443229C546000C1BE5F /* boom_fire.sks in Resources */,
				2842C6BA22946B3B005C0252 /* Smoke.sks in Resources */,
				282BB44B229D539500C1BE5F /* fire_meteor.sks in Resources */,
			);
			runOnlyForDeploymentPostprocessing = 0;
		};
		28D6741D21EE6A770059FC0D /* Resources */ = {
			isa = PBXResourcesBuildPhase;
			buildActionMask = 2147483647;
			files = (
			);
			runOnlyForDeploymentPostprocessing = 0;
		};
		28D6742821EE6A770059FC0D /* Resources */ = {
			isa = PBXResourcesBuildPhase;
			buildActionMask = 2147483647;
			files = (
			);
			runOnlyForDeploymentPostprocessing = 0;
		};
/* End PBXResourcesBuildPhase section */

/* Begin PBXSourcesBuildPhase section */
		28D6740121EE6A720059FC0D /* Sources */ = {
			isa = PBXSourcesBuildPhase;
			buildActionMask = 2147483647;
			files = (
				287AFC612295CE8300DF1613 /* GameOverScreen.swift in Sources */,
				2804D69323AD12BB0082473A /* SoundController.swift in Sources */,
				285FBFC4242E427900B46CD6 /* GameCenter.swift in Sources */,
				287AFC5F2295C22D00DF1613 /* GameMenu.swift in Sources */,
				28D6740F21EE6A720059FC0D /* GameScene.swift in Sources */,
				280FE02A243A238F00EADF38 /* GameModeSelector.swift in Sources */,
				287D335A22916AE9009851EA /* BackgroundSprite.swift in Sources */,
				28D6741121EE6A720059FC0D /* GameViewController.swift in Sources */,
				28D6743E21EE6DCD0059FC0D /* GameCharacterSprite.swift in Sources */,
				280FE028243A1CDC00EADF38 /* GameProperties.swift in Sources */,
				283A5C742440AA4100600727 /* Payments.swift in Sources */,
				283A5C6D243E0E9F00600727 /* Button.swift in Sources */,
				287D335E229180C9009851EA /* HudNode.swift in Sources */,
				28D6740921EE6A720059FC0D /* AppDelegate.swift in Sources */,
				28516D59242CCB8E00852FB1 /* HighScores.swift in Sources */,
				287D335C22916C1B009851EA /* Constants.swift in Sources */,
			);
			runOnlyForDeploymentPostprocessing = 0;
		};
		28D6741B21EE6A770059FC0D /* Sources */ = {
			isa = PBXSourcesBuildPhase;
			buildActionMask = 2147483647;
			files = (
				28D6742421EE6A770059FC0D /* Jetpack_JoeTests.swift in Sources */,
			);
			runOnlyForDeploymentPostprocessing = 0;
		};
		28D6742621EE6A770059FC0D /* Sources */ = {
			isa = PBXSourcesBuildPhase;
			buildActionMask = 2147483647;
			files = (
				28D6742F21EE6A770059FC0D /* Jetpack_JoeUITests.swift in Sources */,
			);
			runOnlyForDeploymentPostprocessing = 0;
		};
/* End PBXSourcesBuildPhase section */

/* Begin PBXTargetDependency section */
		28D6742121EE6A770059FC0D /* PBXTargetDependency */ = {
			isa = PBXTargetDependency;
			target = 28D6740421EE6A720059FC0D /* Jetpack Joe */;
			targetProxy = 28D6742021EE6A770059FC0D /* PBXContainerItemProxy */;
		};
		28D6742C21EE6A770059FC0D /* PBXTargetDependency */ = {
			isa = PBXTargetDependency;
			target = 28D6740421EE6A720059FC0D /* Jetpack Joe */;
			targetProxy = 28D6742B21EE6A770059FC0D /* PBXContainerItemProxy */;
		};
/* End PBXTargetDependency section */

/* Begin PBXVariantGroup section */
		28D6741221EE6A720059FC0D /* Main.storyboard */ = {
			isa = PBXVariantGroup;
			children = (
				28D6741321EE6A720059FC0D /* Base */,
			);
			name = Main.storyboard;
			sourceTree = "<group>";
		};
		28D6741721EE6A760059FC0D /* LaunchScreen.storyboard */ = {
			isa = PBXVariantGroup;
			children = (
				28D6741821EE6A760059FC0D /* Base */,
			);
			name = LaunchScreen.storyboard;
			sourceTree = "<group>";
		};
/* End PBXVariantGroup section */

/* Begin XCBuildConfiguration section */
		28D6743121EE6A770059FC0D /* Debug */ = {
			isa = XCBuildConfiguration;
			buildSettings = {
				ALWAYS_SEARCH_USER_PATHS = NO;
				CLANG_ANALYZER_NONNULL = YES;
				CLANG_ANALYZER_NUMBER_OBJECT_CONVERSION = YES_AGGRESSIVE;
				CLANG_CXX_LANGUAGE_STANDARD = "gnu++14";
				CLANG_CXX_LIBRARY = "libc++";
				CLANG_ENABLE_MODULES = YES;
				CLANG_ENABLE_OBJC_ARC = YES;
				CLANG_ENABLE_OBJC_WEAK = YES;
				CLANG_WARN_BLOCK_CAPTURE_AUTORELEASING = YES;
				CLANG_WARN_BOOL_CONVERSION = YES;
				CLANG_WARN_COMMA = YES;
				CLANG_WARN_CONSTANT_CONVERSION = YES;
				CLANG_WARN_DEPRECATED_OBJC_IMPLEMENTATIONS = YES;
				CLANG_WARN_DIRECT_OBJC_ISA_USAGE = YES_ERROR;
				CLANG_WARN_DOCUMENTATION_COMMENTS = YES;
				CLANG_WARN_EMPTY_BODY = YES;
				CLANG_WARN_ENUM_CONVERSION = YES;
				CLANG_WARN_INFINITE_RECURSION = YES;
				CLANG_WARN_INT_CONVERSION = YES;
				CLANG_WARN_NON_LITERAL_NULL_CONVERSION = YES;
				CLANG_WARN_OBJC_IMPLICIT_RETAIN_SELF = YES;
				CLANG_WARN_OBJC_LITERAL_CONVERSION = YES;
				CLANG_WARN_OBJC_ROOT_CLASS = YES_ERROR;
				CLANG_WARN_RANGE_LOOP_ANALYSIS = YES;
				CLANG_WARN_STRICT_PROTOTYPES = YES;
				CLANG_WARN_SUSPICIOUS_MOVE = YES;
				CLANG_WARN_UNGUARDED_AVAILABILITY = YES_AGGRESSIVE;
				CLANG_WARN_UNREACHABLE_CODE = YES;
				CLANG_WARN__DUPLICATE_METHOD_MATCH = YES;
				CODE_SIGN_IDENTITY = "iPhone Developer";
				COPY_PHASE_STRIP = NO;
				DEBUG_INFORMATION_FORMAT = dwarf;
				ENABLE_STRICT_OBJC_MSGSEND = YES;
				ENABLE_TESTABILITY = YES;
				GCC_C_LANGUAGE_STANDARD = gnu11;
				GCC_DYNAMIC_NO_PIC = NO;
				GCC_NO_COMMON_BLOCKS = YES;
				GCC_OPTIMIZATION_LEVEL = 0;
				GCC_PREPROCESSOR_DEFINITIONS = (
					"DEBUG=1",
					"$(inherited)",
				);
				GCC_WARN_64_TO_32_BIT_CONVERSION = YES;
				GCC_WARN_ABOUT_RETURN_TYPE = YES_ERROR;
				GCC_WARN_UNDECLARED_SELECTOR = YES;
				GCC_WARN_UNINITIALIZED_AUTOS = YES_AGGRESSIVE;
				GCC_WARN_UNUSED_FUNCTION = YES;
				GCC_WARN_UNUSED_VARIABLE = YES;
				IPHONEOS_DEPLOYMENT_TARGET = 12.1;
				MTL_ENABLE_DEBUG_INFO = INCLUDE_SOURCE;
				MTL_FAST_MATH = YES;
				ONLY_ACTIVE_ARCH = YES;
				SDKROOT = iphoneos;
				SWIFT_ACTIVE_COMPILATION_CONDITIONS = DEBUG;
				SWIFT_OPTIMIZATION_LEVEL = "-Onone";
			};
			name = Debug;
		};
		28D6743221EE6A770059FC0D /* Release */ = {
			isa = XCBuildConfiguration;
			buildSettings = {
				ALWAYS_SEARCH_USER_PATHS = NO;
				CLANG_ANALYZER_NONNULL = YES;
				CLANG_ANALYZER_NUMBER_OBJECT_CONVERSION = YES_AGGRESSIVE;
				CLANG_CXX_LANGUAGE_STANDARD = "gnu++14";
				CLANG_CXX_LIBRARY = "libc++";
				CLANG_ENABLE_MODULES = YES;
				CLANG_ENABLE_OBJC_ARC = YES;
				CLANG_ENABLE_OBJC_WEAK = YES;
				CLANG_WARN_BLOCK_CAPTURE_AUTORELEASING = YES;
				CLANG_WARN_BOOL_CONVERSION = YES;
				CLANG_WARN_COMMA = YES;
				CLANG_WARN_CONSTANT_CONVERSION = YES;
				CLANG_WARN_DEPRECATED_OBJC_IMPLEMENTATIONS = YES;
				CLANG_WARN_DIRECT_OBJC_ISA_USAGE = YES_ERROR;
				CLANG_WARN_DOCUMENTATION_COMMENTS = YES;
				CLANG_WARN_EMPTY_BODY = YES;
				CLANG_WARN_ENUM_CONVERSION = YES;
				CLANG_WARN_INFINITE_RECURSION = YES;
				CLANG_WARN_INT_CONVERSION = YES;
				CLANG_WARN_NON_LITERAL_NULL_CONVERSION = YES;
				CLANG_WARN_OBJC_IMPLICIT_RETAIN_SELF = YES;
				CLANG_WARN_OBJC_LITERAL_CONVERSION = YES;
				CLANG_WARN_OBJC_ROOT_CLASS = YES_ERROR;
				CLANG_WARN_RANGE_LOOP_ANALYSIS = YES;
				CLANG_WARN_STRICT_PROTOTYPES = YES;
				CLANG_WARN_SUSPICIOUS_MOVE = YES;
				CLANG_WARN_UNGUARDED_AVAILABILITY = YES_AGGRESSIVE;
				CLANG_WARN_UNREACHABLE_CODE = YES;
				CLANG_WARN__DUPLICATE_METHOD_MATCH = YES;
				CODE_SIGN_IDENTITY = "iPhone Developer";
				COPY_PHASE_STRIP = NO;
				DEBUG_INFORMATION_FORMAT = "dwarf-with-dsym";
				ENABLE_NS_ASSERTIONS = NO;
				ENABLE_STRICT_OBJC_MSGSEND = YES;
				GCC_C_LANGUAGE_STANDARD = gnu11;
				GCC_NO_COMMON_BLOCKS = YES;
				GCC_WARN_64_TO_32_BIT_CONVERSION = YES;
				GCC_WARN_ABOUT_RETURN_TYPE = YES_ERROR;
				GCC_WARN_UNDECLARED_SELECTOR = YES;
				GCC_WARN_UNINITIALIZED_AUTOS = YES_AGGRESSIVE;
				GCC_WARN_UNUSED_FUNCTION = YES;
				GCC_WARN_UNUSED_VARIABLE = YES;
				IPHONEOS_DEPLOYMENT_TARGET = 12.1;
				MTL_ENABLE_DEBUG_INFO = NO;
				MTL_FAST_MATH = YES;
				SDKROOT = iphoneos;
				SWIFT_COMPILATION_MODE = wholemodule;
				SWIFT_OPTIMIZATION_LEVEL = "-O";
				VALIDATE_PRODUCT = YES;
			};
			name = Release;
		};
		28D6743421EE6A770059FC0D /* Debug */ = {
			isa = XCBuildConfiguration;
			buildSettings = {
				ASSETCATALOG_COMPILER_APPICON_NAME = AppIcon;
				CLANG_ENABLE_MODULES = YES;
				CODE_SIGN_ENTITLEMENTS = "Jetpack Joe/Jetpack Joe.entitlements";
				CODE_SIGN_STYLE = Automatic;
				DEVELOPMENT_TEAM = R794VDR987;
				INFOPLIST_FILE = "Jetpack Joe/Info.plist";
				LD_RUNPATH_SEARCH_PATHS = (
					"$(inherited)",
					"@executable_path/Frameworks",
				);
				MARKETING_VERSION = 1.5;
				PRODUCT_BUNDLE_IDENTIFIER = "trystian.Jetpack-Joe";
				PRODUCT_NAME = "$(TARGET_NAME)";
				SWIFT_OBJC_BRIDGING_HEADER = "";
				SWIFT_OPTIMIZATION_LEVEL = "-Onone";
				SWIFT_VERSION = 5.0;
				TARGETED_DEVICE_FAMILY = 1;
			};
			name = Debug;
		};
		28D6743521EE6A770059FC0D /* Release */ = {
			isa = XCBuildConfiguration;
			buildSettings = {
				ASSETCATALOG_COMPILER_APPICON_NAME = AppIcon;
				CLANG_ENABLE_MODULES = YES;
				CODE_SIGN_ENTITLEMENTS = "Jetpack Joe/Jetpack JoeRelease.entitlements";
				CODE_SIGN_STYLE = Automatic;
				DEVELOPMENT_TEAM = R794VDR987;
				INFOPLIST_FILE = "Jetpack Joe/Info.plist";
				LD_RUNPATH_SEARCH_PATHS = (
					"$(inherited)",
					"@executable_path/Frameworks",
				);
				MARKETING_VERSION = 1.5;
				PRODUCT_BUNDLE_IDENTIFIER = "trystian.Jetpack-Joe";
				PRODUCT_NAME = "$(TARGET_NAME)";
				SWIFT_OBJC_BRIDGING_HEADER = "";
				SWIFT_VERSION = 5.0;
				TARGETED_DEVICE_FAMILY = 1;
			};
			name = Release;
		};
		28D6743721EE6A770059FC0D /* Debug */ = {
			isa = XCBuildConfiguration;
			buildSettings = {
				ALWAYS_EMBED_SWIFT_STANDARD_LIBRARIES = YES;
				BUNDLE_LOADER = "$(TEST_HOST)";
				CODE_SIGN_STYLE = Automatic;
				INFOPLIST_FILE = "Jetpack JoeTests/Info.plist";
				LD_RUNPATH_SEARCH_PATHS = (
					"$(inherited)",
					"@executable_path/Frameworks",
					"@loader_path/Frameworks",
				);
				PRODUCT_BUNDLE_IDENTIFIER = "trystian.Jetpack-JoeTests";
				PRODUCT_NAME = "$(TARGET_NAME)";
				SWIFT_VERSION = 5.0;
				TARGETED_DEVICE_FAMILY = "1,2";
				TEST_HOST = "$(BUILT_PRODUCTS_DIR)/Jetpack Joe.app/Jetpack Joe";
			};
			name = Debug;
		};
		28D6743821EE6A770059FC0D /* Release */ = {
			isa = XCBuildConfiguration;
			buildSettings = {
				ALWAYS_EMBED_SWIFT_STANDARD_LIBRARIES = YES;
				BUNDLE_LOADER = "$(TEST_HOST)";
				CODE_SIGN_STYLE = Automatic;
				INFOPLIST_FILE = "Jetpack JoeTests/Info.plist";
				LD_RUNPATH_SEARCH_PATHS = (
					"$(inherited)",
					"@executable_path/Frameworks",
					"@loader_path/Frameworks",
				);
				PRODUCT_BUNDLE_IDENTIFIER = "trystian.Jetpack-JoeTests";
				PRODUCT_NAME = "$(TARGET_NAME)";
				SWIFT_VERSION = 5.0;
				TARGETED_DEVICE_FAMILY = "1,2";
				TEST_HOST = "$(BUILT_PRODUCTS_DIR)/Jetpack Joe.app/Jetpack Joe";
			};
			name = Release;
		};
		28D6743A21EE6A770059FC0D /* Debug */ = {
			isa = XCBuildConfiguration;
			buildSettings = {
				ALWAYS_EMBED_SWIFT_STANDARD_LIBRARIES = YES;
				CODE_SIGN_STYLE = Automatic;
				INFOPLIST_FILE = "Jetpack JoeUITests/Info.plist";
				LD_RUNPATH_SEARCH_PATHS = (
					"$(inherited)",
					"@executable_path/Frameworks",
					"@loader_path/Frameworks",
				);
				PRODUCT_BUNDLE_IDENTIFIER = "trystian.Jetpack-JoeUITests";
				PRODUCT_NAME = "$(TARGET_NAME)";
				SWIFT_VERSION = 5.0;
				TARGETED_DEVICE_FAMILY = "1,2";
				TEST_TARGET_NAME = "Jetpack Joe";
			};
			name = Debug;
		};
		28D6743B21EE6A770059FC0D /* Release */ = {
			isa = XCBuildConfiguration;
			buildSettings = {
				ALWAYS_EMBED_SWIFT_STANDARD_LIBRARIES = YES;
				CODE_SIGN_STYLE = Automatic;
				INFOPLIST_FILE = "Jetpack JoeUITests/Info.plist";
				LD_RUNPATH_SEARCH_PATHS = (
					"$(inherited)",
					"@executable_path/Frameworks",
					"@loader_path/Frameworks",
				);
				PRODUCT_BUNDLE_IDENTIFIER = "trystian.Jetpack-JoeUITests";
				PRODUCT_NAME = "$(TARGET_NAME)";
				SWIFT_VERSION = 5.0;
				TARGETED_DEVICE_FAMILY = "1,2";
				TEST_TARGET_NAME = "Jetpack Joe";
			};
			name = Release;
		};
/* End XCBuildConfiguration section */

/* Begin XCConfigurationList section */
		28D6740021EE6A720059FC0D /* Build configuration list for PBXProject "Jetpack Joe" */ = {
			isa = XCConfigurationList;
			buildConfigurations = (
				28D6743121EE6A770059FC0D /* Debug */,
				28D6743221EE6A770059FC0D /* Release */,
			);
			defaultConfigurationIsVisible = 0;
			defaultConfigurationName = Release;
		};
		28D6743321EE6A770059FC0D /* Build configuration list for PBXNativeTarget "Jetpack Joe" */ = {
			isa = XCConfigurationList;
			buildConfigurations = (
				28D6743421EE6A770059FC0D /* Debug */,
				28D6743521EE6A770059FC0D /* Release */,
			);
			defaultConfigurationIsVisible = 0;
			defaultConfigurationName = Release;
		};
		28D6743621EE6A770059FC0D /* Build configuration list for PBXNativeTarget "Jetpack JoeTests" */ = {
			isa = XCConfigurationList;
			buildConfigurations = (
				28D6743721EE6A770059FC0D /* Debug */,
				28D6743821EE6A770059FC0D /* Release */,
			);
			defaultConfigurationIsVisible = 0;
			defaultConfigurationName = Release;
		};
		28D6743921EE6A770059FC0D /* Build configuration list for PBXNativeTarget "Jetpack JoeUITests" */ = {
			isa = XCConfigurationList;
			buildConfigurations = (
				28D6743A21EE6A770059FC0D /* Debug */,
				28D6743B21EE6A770059FC0D /* Release */,
			);
			defaultConfigurationIsVisible = 0;
			defaultConfigurationName = Release;
		};
/* End XCConfigurationList section */
	};
	rootObject = 28D673FD21EE6A720059FC0D /* Project object */;
}
